// !$*UTF8*$!
{
	archiveVersion = 1;
	classes = {
	};
	objectVersion = 46;
	objects = {

/* Begin PBXBuildFile section */
		5BE5F67914D2ADCD00C36AC0 /* UIKit.framework in Frameworks */ = {isa = PBXBuildFile; fileRef = 5BE5F67814D2ADCD00C36AC0 /* UIKit.framework */; };
		5BE5F67B14D2ADCD00C36AC0 /* Foundation.framework in Frameworks */ = {isa = PBXBuildFile; fileRef = 5BE5F67A14D2ADCD00C36AC0 /* Foundation.framework */; };
		5BE5F67D14D2ADCD00C36AC0 /* CoreGraphics.framework in Frameworks */ = {isa = PBXBuildFile; fileRef = 5BE5F67C14D2ADCD00C36AC0 /* CoreGraphics.framework */; };
		5BE5F68314D2ADCD00C36AC0 /* InfoPlist.strings in Resources */ = {isa = PBXBuildFile; fileRef = 5BE5F68114D2ADCD00C36AC0 /* InfoPlist.strings */; };
		5BE5F68514D2ADCD00C36AC0 /* main.m in Sources */ = {isa = PBXBuildFile; fileRef = 5BE5F68414D2ADCD00C36AC0 /* main.m */; };
		5BE5F68914D2ADCD00C36AC0 /* AppDelegate.m in Sources */ = {isa = PBXBuildFile; fileRef = 5BE5F68814D2ADCD00C36AC0 /* AppDelegate.m */; };
		5BE5F68C14D2ADCD00C36AC0 /* MainStoryboard_iPhone.storyboard in Resources */ = {isa = PBXBuildFile; fileRef = 5BE5F68A14D2ADCD00C36AC0 /* MainStoryboard_iPhone.storyboard */; };
		5BE5F68F14D2ADCD00C36AC0 /* MainStoryboard_iPad.storyboard in Resources */ = {isa = PBXBuildFile; fileRef = 5BE5F68D14D2ADCD00C36AC0 /* MainStoryboard_iPad.storyboard */; };
		5BE5F69214D2ADCD00C36AC0 /* FirstViewController.m in Sources */ = {isa = PBXBuildFile; fileRef = 5BE5F69114D2ADCD00C36AC0 /* FirstViewController.m */; };
		5BE5F69414D2ADCD00C36AC0 /* first.png in Resources */ = {isa = PBXBuildFile; fileRef = 5BE5F69314D2ADCD00C36AC0 /* first.png */; };
		5BE5F69614D2ADCD00C36AC0 /* first@2x.png in Resources */ = {isa = PBXBuildFile; fileRef = 5BE5F69514D2ADCD00C36AC0 /* first@2x.png */; };
		5BE5F69914D2ADCD00C36AC0 /* SecondViewController.m in Sources */ = {isa = PBXBuildFile; fileRef = 5BE5F69814D2ADCD00C36AC0 /* SecondViewController.m */; };
		5BE5F69B14D2ADCD00C36AC0 /* second.png in Resources */ = {isa = PBXBuildFile; fileRef = 5BE5F69A14D2ADCD00C36AC0 /* second.png */; };
		5BE5F69D14D2ADCD00C36AC0 /* second@2x.png in Resources */ = {isa = PBXBuildFile; fileRef = 5BE5F69C14D2ADCD00C36AC0 /* second@2x.png */; };
		5BE5F6A514D2ADCD00C36AC0 /* SenTestingKit.framework in Frameworks */ = {isa = PBXBuildFile; fileRef = 5BE5F6A414D2ADCD00C36AC0 /* SenTestingKit.framework */; };
		5BE5F6A614D2ADCD00C36AC0 /* UIKit.framework in Frameworks */ = {isa = PBXBuildFile; fileRef = 5BE5F67814D2ADCD00C36AC0 /* UIKit.framework */; };
		5BE5F6A714D2ADCD00C36AC0 /* Foundation.framework in Frameworks */ = {isa = PBXBuildFile; fileRef = 5BE5F67A14D2ADCD00C36AC0 /* Foundation.framework */; };
		5BE5F6AF14D2ADCD00C36AC0 /* InfoPlist.strings in Resources */ = {isa = PBXBuildFile; fileRef = 5BE5F6AD14D2ADCD00C36AC0 /* InfoPlist.strings */; };
		5BE5F6B214D2ADCD00C36AC0 /* EkonomiKollenTests.m in Sources */ = {isa = PBXBuildFile; fileRef = 5BE5F6B114D2ADCD00C36AC0 /* EkonomiKollenTests.m */; };
/* End PBXBuildFile section */

/* Begin PBXContainerItemProxy section */
		5BE5F6A814D2ADCD00C36AC0 /* PBXContainerItemProxy */ = {
			isa = PBXContainerItemProxy;
			containerPortal = 5BE5F66B14D2ADCC00C36AC0 /* Project object */;
			proxyType = 1;
			remoteGlobalIDString = 5BE5F67314D2ADCD00C36AC0;
			remoteInfo = EkonomiKollen;
		};
/* End PBXContainerItemProxy section */

/* Begin PBXFileReference section */
		5BE5F67414D2ADCD00C36AC0 /* EkonomiKollen.app */ = {isa = PBXFileReference; explicitFileType = wrapper.application; includeInIndex = 0; path = EkonomiKollen.app; sourceTree = BUILT_PRODUCTS_DIR; };
		5BE5F67814D2ADCD00C36AC0 /* UIKit.framework */ = {isa = PBXFileReference; lastKnownFileType = wrapper.framework; name = UIKit.framework; path = System/Library/Frameworks/UIKit.framework; sourceTree = SDKROOT; };
		5BE5F67A14D2ADCD00C36AC0 /* Foundation.framework */ = {isa = PBXFileReference; lastKnownFileType = wrapper.framework; name = Foundation.framework; path = System/Library/Frameworks/Foundation.framework; sourceTree = SDKROOT; };
		5BE5F67C14D2ADCD00C36AC0 /* CoreGraphics.framework */ = {isa = PBXFileReference; lastKnownFileType = wrapper.framework; name = CoreGraphics.framework; path = System/Library/Frameworks/CoreGraphics.framework; sourceTree = SDKROOT; };
		5BE5F68014D2ADCD00C36AC0 /* EkonomiKollen-Info.plist */ = {isa = PBXFileReference; lastKnownFileType = text.plist.xml; path = "EkonomiKollen-Info.plist"; sourceTree = "<group>"; };
		5BE5F68214D2ADCD00C36AC0 /* en */ = {isa = PBXFileReference; lastKnownFileType = text.plist.strings; name = en; path = en.lproj/InfoPlist.strings; sourceTree = "<group>"; };
		5BE5F68414D2ADCD00C36AC0 /* main.m */ = {isa = PBXFileReference; lastKnownFileType = sourcecode.c.objc; path = main.m; sourceTree = "<group>"; };
		5BE5F68614D2ADCD00C36AC0 /* EkonomiKollen-Prefix.pch */ = {isa = PBXFileReference; lastKnownFileType = sourcecode.c.h; path = "EkonomiKollen-Prefix.pch"; sourceTree = "<group>"; };
		5BE5F68714D2ADCD00C36AC0 /* AppDelegate.h */ = {isa = PBXFileReference; lastKnownFileType = sourcecode.c.h; path = AppDelegate.h; sourceTree = "<group>"; };
		5BE5F68814D2ADCD00C36AC0 /* AppDelegate.m */ = {isa = PBXFileReference; lastKnownFileType = sourcecode.c.objc; path = AppDelegate.m; sourceTree = "<group>"; };
		5BE5F68B14D2ADCD00C36AC0 /* en */ = {isa = PBXFileReference; lastKnownFileType = file.storyboard; name = en; path = en.lproj/MainStoryboard_iPhone.storyboard; sourceTree = "<group>"; };
		5BE5F68E14D2ADCD00C36AC0 /* en */ = {isa = PBXFileReference; lastKnownFileType = file.storyboard; name = en; path = en.lproj/MainStoryboard_iPad.storyboard; sourceTree = "<group>"; };
		5BE5F69014D2ADCD00C36AC0 /* FirstViewController.h */ = {isa = PBXFileReference; lastKnownFileType = sourcecode.c.h; path = FirstViewController.h; sourceTree = "<group>"; };
		5BE5F69114D2ADCD00C36AC0 /* FirstViewController.m */ = {isa = PBXFileReference; lastKnownFileType = sourcecode.c.objc; path = FirstViewController.m; sourceTree = "<group>"; };
		5BE5F69314D2ADCD00C36AC0 /* first.png */ = {isa = PBXFileReference; lastKnownFileType = image.png; path = first.png; sourceTree = "<group>"; };
		5BE5F69514D2ADCD00C36AC0 /* first@2x.png */ = {isa = PBXFileReference; lastKnownFileType = image.png; path = "first@2x.png"; sourceTree = "<group>"; };
		5BE5F69714D2ADCD00C36AC0 /* SecondViewController.h */ = {isa = PBXFileReference; lastKnownFileType = sourcecode.c.h; path = SecondViewController.h; sourceTree = "<group>"; };
		5BE5F69814D2ADCD00C36AC0 /* SecondViewController.m */ = {isa = PBXFileReference; lastKnownFileType = sourcecode.c.objc; path = SecondViewController.m; sourceTree = "<group>"; };
		5BE5F69A14D2ADCD00C36AC0 /* second.png */ = {isa = PBXFileReference; lastKnownFileType = image.png; path = second.png; sourceTree = "<group>"; };
		5BE5F69C14D2ADCD00C36AC0 /* second@2x.png */ = {isa = PBXFileReference; lastKnownFileType = image.png; path = "second@2x.png"; sourceTree = "<group>"; };
		5BE5F6A314D2ADCD00C36AC0 /* EkonomiKollenTests.octest */ = {isa = PBXFileReference; explicitFileType = wrapper.cfbundle; includeInIndex = 0; path = EkonomiKollenTests.octest; sourceTree = BUILT_PRODUCTS_DIR; };
		5BE5F6A414D2ADCD00C36AC0 /* SenTestingKit.framework */ = {isa = PBXFileReference; lastKnownFileType = wrapper.framework; name = SenTestingKit.framework; path = Library/Frameworks/SenTestingKit.framework; sourceTree = DEVELOPER_DIR; };
		5BE5F6AC14D2ADCD00C36AC0 /* EkonomiKollenTests-Info.plist */ = {isa = PBXFileReference; lastKnownFileType = text.plist.xml; path = "EkonomiKollenTests-Info.plist"; sourceTree = "<group>"; };
		5BE5F6AE14D2ADCD00C36AC0 /* en */ = {isa = PBXFileReference; lastKnownFileType = text.plist.strings; name = en; path = en.lproj/InfoPlist.strings; sourceTree = "<group>"; };
		5BE5F6B014D2ADCD00C36AC0 /* EkonomiKollenTests.h */ = {isa = PBXFileReference; lastKnownFileType = sourcecode.c.h; path = EkonomiKollenTests.h; sourceTree = "<group>"; };
		5BE5F6B114D2ADCD00C36AC0 /* EkonomiKollenTests.m */ = {isa = PBXFileReference; lastKnownFileType = sourcecode.c.objc; path = EkonomiKollenTests.m; sourceTree = "<group>"; };
/* End PBXFileReference section */

/* Begin PBXFrameworksBuildPhase section */
		5BE5F67114D2ADCD00C36AC0 /* Frameworks */ = {
			isa = PBXFrameworksBuildPhase;
			buildActionMask = 2147483647;
			files = (
				5BE5F67914D2ADCD00C36AC0 /* UIKit.framework in Frameworks */,
				5BE5F67B14D2ADCD00C36AC0 /* Foundation.framework in Frameworks */,
				5BE5F67D14D2ADCD00C36AC0 /* CoreGraphics.framework in Frameworks */,
			);
			runOnlyForDeploymentPostprocessing = 0;
		};
		5BE5F69F14D2ADCD00C36AC0 /* Frameworks */ = {
			isa = PBXFrameworksBuildPhase;
			buildActionMask = 2147483647;
			files = (
				5BE5F6A514D2ADCD00C36AC0 /* SenTestingKit.framework in Frameworks */,
				5BE5F6A614D2ADCD00C36AC0 /* UIKit.framework in Frameworks */,
				5BE5F6A714D2ADCD00C36AC0 /* Foundation.framework in Frameworks */,
			);
			runOnlyForDeploymentPostprocessing = 0;
		};
/* End PBXFrameworksBuildPhase section */

/* Begin PBXGroup section */
		5BE5F66914D2ADCC00C36AC0 = {
			isa = PBXGroup;
			children = (
				5BE5F67E14D2ADCD00C36AC0 /* EkonomiKollen */,
				5BE5F6AA14D2ADCD00C36AC0 /* EkonomiKollenTests */,
				5BE5F67714D2ADCD00C36AC0 /* Frameworks */,
				5BE5F67514D2ADCD00C36AC0 /* Products */,
			);
			sourceTree = "<group>";
		};
		5BE5F67514D2ADCD00C36AC0 /* Products */ = {
			isa = PBXGroup;
			children = (
				5BE5F67414D2ADCD00C36AC0 /* EkonomiKollen.app */,
				5BE5F6A314D2ADCD00C36AC0 /* EkonomiKollenTests.octest */,
			);
			name = Products;
			sourceTree = "<group>";
		};
		5BE5F67714D2ADCD00C36AC0 /* Frameworks */ = {
			isa = PBXGroup;
			children = (
				5BE5F67814D2ADCD00C36AC0 /* UIKit.framework */,
				5BE5F67A14D2ADCD00C36AC0 /* Foundation.framework */,
				5BE5F67C14D2ADCD00C36AC0 /* CoreGraphics.framework */,
				5BE5F6A414D2ADCD00C36AC0 /* SenTestingKit.framework */,
			);
			name = Frameworks;
			sourceTree = "<group>";
		};
		5BE5F67E14D2ADCD00C36AC0 /* EkonomiKollen */ = {
			isa = PBXGroup;
			children = (
				5BE5F68714D2ADCD00C36AC0 /* AppDelegate.h */,
				5BE5F68814D2ADCD00C36AC0 /* AppDelegate.m */,
				5BE5F68A14D2ADCD00C36AC0 /* MainStoryboard_iPhone.storyboard */,
				5BE5F68D14D2ADCD00C36AC0 /* MainStoryboard_iPad.storyboard */,
				5BE5F69014D2ADCD00C36AC0 /* FirstViewController.h */,
				5BE5F69114D2ADCD00C36AC0 /* FirstViewController.m */,
				5BE5F69314D2ADCD00C36AC0 /* first.png */,
				5BE5F69514D2ADCD00C36AC0 /* first@2x.png */,
				5BE5F69714D2ADCD00C36AC0 /* SecondViewController.h */,
				5BE5F69814D2ADCD00C36AC0 /* SecondViewController.m */,
				5BE5F69A14D2ADCD00C36AC0 /* second.png */,
				5BE5F69C14D2ADCD00C36AC0 /* second@2x.png */,
				5BE5F67F14D2ADCD00C36AC0 /* Supporting Files */,
			);
			path = EkonomiKollen;
			sourceTree = "<group>";
		};
		5BE5F67F14D2ADCD00C36AC0 /* Supporting Files */ = {
			isa = PBXGroup;
			children = (
				5BE5F68014D2ADCD00C36AC0 /* EkonomiKollen-Info.plist */,
				5BE5F68114D2ADCD00C36AC0 /* InfoPlist.strings */,
				5BE5F68414D2ADCD00C36AC0 /* main.m */,
				5BE5F68614D2ADCD00C36AC0 /* EkonomiKollen-Prefix.pch */,
			);
			name = "Supporting Files";
			sourceTree = "<group>";
		};
		5BE5F6AA14D2ADCD00C36AC0 /* EkonomiKollenTests */ = {
			isa = PBXGroup;
			children = (
				5BE5F6B014D2ADCD00C36AC0 /* EkonomiKollenTests.h */,
				5BE5F6B114D2ADCD00C36AC0 /* EkonomiKollenTests.m */,
				5BE5F6AB14D2ADCD00C36AC0 /* Supporting Files */,
			);
			path = EkonomiKollenTests;
			sourceTree = "<group>";
		};
		5BE5F6AB14D2ADCD00C36AC0 /* Supporting Files */ = {
			isa = PBXGroup;
			children = (
				5BE5F6AC14D2ADCD00C36AC0 /* EkonomiKollenTests-Info.plist */,
				5BE5F6AD14D2ADCD00C36AC0 /* InfoPlist.strings */,
			);
			name = "Supporting Files";
			sourceTree = "<group>";
		};
/* End PBXGroup section */

/* Begin PBXNativeTarget section */
		5BE5F67314D2ADCD00C36AC0 /* EkonomiKollen */ = {
			isa = PBXNativeTarget;
			buildConfigurationList = 5BE5F6B514D2ADCD00C36AC0 /* Build configuration list for PBXNativeTarget "EkonomiKollen" */;
			buildPhases = (
				5BE5F67014D2ADCD00C36AC0 /* Sources */,
				5BE5F67114D2ADCD00C36AC0 /* Frameworks */,
				5BE5F67214D2ADCD00C36AC0 /* Resources */,
			);
			buildRules = (
			);
			dependencies = (
			);
			name = EkonomiKollen;
			productName = EkonomiKollen;
			productReference = 5BE5F67414D2ADCD00C36AC0 /* EkonomiKollen.app */;
			productType = "com.apple.product-type.application";
		};
		5BE5F6A214D2ADCD00C36AC0 /* EkonomiKollenTests */ = {
			isa = PBXNativeTarget;
			buildConfigurationList = 5BE5F6B814D2ADCD00C36AC0 /* Build configuration list for PBXNativeTarget "EkonomiKollenTests" */;
			buildPhases = (
				5BE5F69E14D2ADCD00C36AC0 /* Sources */,
				5BE5F69F14D2ADCD00C36AC0 /* Frameworks */,
				5BE5F6A014D2ADCD00C36AC0 /* Resources */,
				5BE5F6A114D2ADCD00C36AC0 /* ShellScript */,
			);
			buildRules = (
			);
			dependencies = (
				5BE5F6A914D2ADCD00C36AC0 /* PBXTargetDependency */,
			);
			name = EkonomiKollenTests;
			productName = EkonomiKollenTests;
			productReference = 5BE5F6A314D2ADCD00C36AC0 /* EkonomiKollenTests.octest */;
			productType = "com.apple.product-type.bundle";
		};
/* End PBXNativeTarget section */

/* Begin PBXProject section */
		5BE5F66B14D2ADCC00C36AC0 /* Project object */ = {
			isa = PBXProject;
			attributes = {
				LastUpgradeCheck = 0420;
			};
			buildConfigurationList = 5BE5F66E14D2ADCC00C36AC0 /* Build configuration list for PBXProject "EkonomiKollen" */;
			compatibilityVersion = "Xcode 3.2";
			developmentRegion = English;
			hasScannedForEncodings = 0;
			knownRegions = (
				en,
			);
			mainGroup = 5BE5F66914D2ADCC00C36AC0;
			productRefGroup = 5BE5F67514D2ADCD00C36AC0 /* Products */;
			projectDirPath = "";
			projectRoot = "";
			targets = (
				5BE5F67314D2ADCD00C36AC0 /* EkonomiKollen */,
				5BE5F6A214D2ADCD00C36AC0 /* EkonomiKollenTests */,
			);
		};
/* End PBXProject section */

/* Begin PBXResourcesBuildPhase section */
		5BE5F67214D2ADCD00C36AC0 /* Resources */ = {
			isa = PBXResourcesBuildPhase;
			buildActionMask = 2147483647;
			files = (
				5BE5F68314D2ADCD00C36AC0 /* InfoPlist.strings in Resources */,
				5BE5F68C14D2ADCD00C36AC0 /* MainStoryboard_iPhone.storyboard in Resources */,
				5BE5F68F14D2ADCD00C36AC0 /* MainStoryboard_iPad.storyboard in Resources */,
				5BE5F69414D2ADCD00C36AC0 /* first.png in Resources */,
				5BE5F69614D2ADCD00C36AC0 /* first@2x.png in Resources */,
				5BE5F69B14D2ADCD00C36AC0 /* second.png in Resources */,
				5BE5F69D14D2ADCD00C36AC0 /* second@2x.png in Resources */,
			);
			runOnlyForDeploymentPostprocessing = 0;
		};
		5BE5F6A014D2ADCD00C36AC0 /* Resources */ = {
			isa = PBXResourcesBuildPhase;
			buildActionMask = 2147483647;
			files = (
				5BE5F6AF14D2ADCD00C36AC0 /* InfoPlist.strings in Resources */,
			);
			runOnlyForDeploymentPostprocessing = 0;
		};
/* End PBXResourcesBuildPhase section */

/* Begin PBXShellScriptBuildPhase section */
		5BE5F6A114D2ADCD00C36AC0 /* ShellScript */ = {
			isa = PBXShellScriptBuildPhase;
			buildActionMask = 2147483647;
			files = (
			);
			inputPaths = (
			);
			outputPaths = (
			);
			runOnlyForDeploymentPostprocessing = 0;
			shellPath = /bin/sh;
			shellScript = "# Run the unit tests in this test bundle.\n\"${SYSTEM_DEVELOPER_DIR}/Tools/RunUnitTests\"\n";
		};
/* End PBXShellScriptBuildPhase section */

/* Begin PBXSourcesBuildPhase section */
		5BE5F67014D2ADCD00C36AC0 /* Sources */ = {
			isa = PBXSourcesBuildPhase;
			buildActionMask = 2147483647;
			files = (
				5BE5F68514D2ADCD00C36AC0 /* main.m in Sources */,
				5BE5F68914D2ADCD00C36AC0 /* AppDelegate.m in Sources */,
				5BE5F69214D2ADCD00C36AC0 /* FirstViewController.m in Sources */,
				5BE5F69914D2ADCD00C36AC0 /* SecondViewController.m in Sources */,
			);
			runOnlyForDeploymentPostprocessing = 0;
		};
		5BE5F69E14D2ADCD00C36AC0 /* Sources */ = {
			isa = PBXSourcesBuildPhase;
			buildActionMask = 2147483647;
			files = (
				5BE5F6B214D2ADCD00C36AC0 /* EkonomiKollenTests.m in Sources */,
			);
			runOnlyForDeploymentPostprocessing = 0;
		};
/* End PBXSourcesBuildPhase section */

/* Begin PBXTargetDependency section */
		5BE5F6A914D2ADCD00C36AC0 /* PBXTargetDependency */ = {
			isa = PBXTargetDependency;
			target = 5BE5F67314D2ADCD00C36AC0 /* EkonomiKollen */;
			targetProxy = 5BE5F6A814D2ADCD00C36AC0 /* PBXContainerItemProxy */;
		};
/* End PBXTargetDependency section */

/* Begin PBXVariantGroup section */
		5BE5F68114D2ADCD00C36AC0 /* InfoPlist.strings */ = {
			isa = PBXVariantGroup;
			children = (
				5BE5F68214D2ADCD00C36AC0 /* en */,
			);
			name = InfoPlist.strings;
			sourceTree = "<group>";
		};
		5BE5F68A14D2ADCD00C36AC0 /* MainStoryboard_iPhone.storyboard */ = {
			isa = PBXVariantGroup;
			children = (
				5BE5F68B14D2ADCD00C36AC0 /* en */,
			);
			name = MainStoryboard_iPhone.storyboard;
			sourceTree = "<group>";
		};
		5BE5F68D14D2ADCD00C36AC0 /* MainStoryboard_iPad.storyboard */ = {
			isa = PBXVariantGroup;
			children = (
				5BE5F68E14D2ADCD00C36AC0 /* en */,
			);
			name = MainStoryboard_iPad.storyboard;
			sourceTree = "<group>";
		};
		5BE5F6AD14D2ADCD00C36AC0 /* InfoPlist.strings */ = {
			isa = PBXVariantGroup;
			children = (
				5BE5F6AE14D2ADCD00C36AC0 /* en */,
			);
			name = InfoPlist.strings;
			sourceTree = "<group>";
		};
/* End PBXVariantGroup section */

/* Begin XCBuildConfiguration section */
		5BE5F6B314D2ADCD00C36AC0 /* Debug */ = {
			isa = XCBuildConfiguration;
			buildSettings = {
				ALWAYS_SEARCH_USER_PATHS = NO;
				ARCHS = "$(ARCHS_STANDARD_32_BIT)";
				CLANG_ENABLE_OBJC_ARC = YES;
				"CODE_SIGN_IDENTITY[sdk=iphoneos*]" = "iPhone Developer";
				COPY_PHASE_STRIP = NO;
				GCC_C_LANGUAGE_STANDARD = gnu99;
				GCC_DYNAMIC_NO_PIC = NO;
				GCC_OPTIMIZATION_LEVEL = 0;
				GCC_PREPROCESSOR_DEFINITIONS = (
					"DEBUG=1",
					"$(inherited)",
				);
				GCC_SYMBOLS_PRIVATE_EXTERN = NO;
				GCC_VERSION = com.apple.compilers.llvm.clang.1_0;
				GCC_WARN_ABOUT_MISSING_PROTOTYPES = YES;
				GCC_WARN_ABOUT_RETURN_TYPE = YES;
				GCC_WARN_UNUSED_VARIABLE = YES;
				IPHONEOS_DEPLOYMENT_TARGET = 5.0;
				SDKROOT = iphoneos;
				TARGETED_DEVICE_FAMILY = "1,2";
			};
			name = Debug;
		};
		5BE5F6B414D2ADCD00C36AC0 /* Release */ = {
			isa = XCBuildConfiguration;
			buildSettings = {
				ALWAYS_SEARCH_USER_PATHS = NO;
				ARCHS = "$(ARCHS_STANDARD_32_BIT)";
				CLANG_ENABLE_OBJC_ARC = YES;
				"CODE_SIGN_IDENTITY[sdk=iphoneos*]" = "iPhone Developer";
				COPY_PHASE_STRIP = YES;
				GCC_C_LANGUAGE_STANDARD = gnu99;
				GCC_VERSION = com.apple.compilers.llvm.clang.1_0;
				GCC_WARN_ABOUT_MISSING_PROTOTYPES = YES;
				GCC_WARN_ABOUT_RETURN_TYPE = YES;
				GCC_WARN_UNUSED_VARIABLE = YES;
				IPHONEOS_DEPLOYMENT_TARGET = 5.0;
				OTHER_CFLAGS = "-DNS_BLOCK_ASSERTIONS=1";
				SDKROOT = iphoneos;
				TARGETED_DEVICE_FAMILY = "1,2";
				VALIDATE_PRODUCT = YES;
			};
			name = Release;
		};
		5BE5F6B614D2ADCD00C36AC0 /* Debug */ = {
			isa = XCBuildConfiguration;
			buildSettings = {
				GCC_PRECOMPILE_PREFIX_HEADER = YES;
				GCC_PREFIX_HEADER = "EkonomiKollen/EkonomiKollen-Prefix.pch";
				INFOPLIST_FILE = "EkonomiKollen/EkonomiKollen-Info.plist";
				PRODUCT_NAME = "$(TARGET_NAME)";
				WRAPPER_EXTENSION = app;
			};
			name = Debug;
		};
		5BE5F6B714D2ADCD00C36AC0 /* Release */ = {
			isa = XCBuildConfiguration;
			buildSettings = {
				GCC_PRECOMPILE_PREFIX_HEADER = YES;
				GCC_PREFIX_HEADER = "EkonomiKollen/EkonomiKollen-Prefix.pch";
				INFOPLIST_FILE = "EkonomiKollen/EkonomiKollen-Info.plist";
				PRODUCT_NAME = "$(TARGET_NAME)";
				WRAPPER_EXTENSION = app;
			};
			name = Release;
		};
		5BE5F6B914D2ADCD00C36AC0 /* Debug */ = {
			isa = XCBuildConfiguration;
			buildSettings = {
				BUNDLE_LOADER = "$(BUILT_PRODUCTS_DIR)/EkonomiKollen.app/EkonomiKollen";
				FRAMEWORK_SEARCH_PATHS = (
					"$(SDKROOT)/Developer/Library/Frameworks",
					"$(DEVELOPER_LIBRARY_DIR)/Frameworks",
				);
				GCC_PRECOMPILE_PREFIX_HEADER = YES;
				GCC_PREFIX_HEADER = "EkonomiKollen/EkonomiKollen-Prefix.pch";
				INFOPLIST_FILE = "EkonomiKollenTests/EkonomiKollenTests-Info.plist";
				PRODUCT_NAME = "$(TARGET_NAME)";
				TEST_HOST = "$(BUNDLE_LOADER)";
				WRAPPER_EXTENSION = octest;
			};
			name = Debug;
		};
		5BE5F6BA14D2ADCD00C36AC0 /* Release */ = {
			isa = XCBuildConfiguration;
			buildSettings = {
				BUNDLE_LOADER = "$(BUILT_PRODUCTS_DIR)/EkonomiKollen.app/EkonomiKollen";
				FRAMEWORK_SEARCH_PATHS = (
					"$(SDKROOT)/Developer/Library/Frameworks",
					"$(DEVELOPER_LIBRARY_DIR)/Frameworks",
				);
				GCC_PRECOMPILE_PREFIX_HEADER = YES;
				GCC_PREFIX_HEADER = "EkonomiKollen/EkonomiKollen-Prefix.pch";
				INFOPLIST_FILE = "EkonomiKollenTests/EkonomiKollenTests-Info.plist";
				PRODUCT_NAME = "$(TARGET_NAME)";
				TEST_HOST = "$(BUNDLE_LOADER)";
				WRAPPER_EXTENSION = octest;
			};
			name = Release;
		};
/* End XCBuildConfiguration section */

/* Begin XCConfigurationList section */
		5BE5F66E14D2ADCC00C36AC0 /* Build configuration list for PBXProject "EkonomiKollen" */ = {
			isa = XCConfigurationList;
			buildConfigurations = (
				5BE5F6B314D2ADCD00C36AC0 /* Debug */,
				5BE5F6B414D2ADCD00C36AC0 /* Release */,
			);
			defaultConfigurationIsVisible = 0;
			defaultConfigurationName = Release;
		};
		5BE5F6B514D2ADCD00C36AC0 /* Build configuration list for PBXNativeTarget "EkonomiKollen" */ = {
			isa = XCConfigurationList;
			buildConfigurations = (
				5BE5F6B614D2ADCD00C36AC0 /* Debug */,
				5BE5F6B714D2ADCD00C36AC0 /* Release */,
			);
			defaultConfigurationIsVisible = 0;
		};
		5BE5F6B814D2ADCD00C36AC0 /* Build configuration list for PBXNativeTarget "EkonomiKollenTests" */ = {
			isa = XCConfigurationList;
			buildConfigurations = (
				5BE5F6B914D2ADCD00C36AC0 /* Debug */,
				5BE5F6BA14D2ADCD00C36AC0 /* Release */,
			);
			defaultConfigurationIsVisible = 0;
		};
/* End XCConfigurationList section */
	};
	rootObject = 5BE5F66B14D2ADCC00C36AC0 /* Project object */;
}
